
Microsoft Visual Studio Solution File, Format Version 12.00
# Visual Studio Version 17
VisualStudioVersion = 17.0.31903.59
MinimumVisualStudioVersion = 10.0.40219.1
Project("{2150E333-8FDC-42A3-9474-1A3956D46DE8}") = "src", "src", "{57F61BCD-B8C7-41EA-B691-FB9907E40FF4}"
EndProject
Project("{2150E333-8FDC-42A3-9474-1A3956D46DE8}") = "Examination", "Examination", "{B437AE8D-9680-41FA-92E6-BBF6B67D01AA}"
EndProject
Project("{2150E333-8FDC-42A3-9474-1A3956D46DE8}") = "test", "test", "{F8762AB0-8FA0-44FE-95CB-7CFAB5B7D527}"
EndProject
Project("{2150E333-8FDC-42A3-9474-1A3956D46DE8}") = "Identity.API", "Identity.API", "{5A625B40-8584-4AFE-B883-D77E42305AD4}"
EndProject
Project("{9A19103F-16F7-4668-BE54-9A1E7A4F7556}") = "Identity.API.IntergrationTests", "test\Identity.API\Identity.API.IntergrationTests\Identity.API.IntergrationTests.csproj", "{5E46B136-6C2B-4F9A-B012-5FA1C12B2194}"
EndProject
Project("{2150E333-8FDC-42A3-9474-1A3956D46DE8}") = "Examination", "Examination", "{23AD619C-116D-447B-87BD-A9EF0D39E3AA}"
EndProject
Project("{9A19103F-16F7-4668-BE54-9A1E7A4F7556}") = "Examination.Application.Unittests", "test\Examination\Examination.Application.UnitTests\Examination.Application.Unittests.csproj", "{B5C74319-C976-4B24-A9B8-1504A01527A0}"
EndProject
Project("{9A19103F-16F7-4668-BE54-9A1E7A4F7556}") = "Examination.Domain.UnitTests", "test\Examination\Examination.Domain.UnitTests\Examination.Domain.UnitTests.csproj", "{9F713DAC-C443-454F-8869-D6F2C15EDFAC}"
EndProject
Project("{9A19103F-16F7-4668-BE54-9A1E7A4F7556}") = "Examination.Infrastructure.IntergrationTests", "test\Examination\Examination.Infrastructure.IntergrationTests\Examination.Infrastructure.IntergrationTests.csproj", "{BB275201-ABB1-4066-8A8B-60AFE27FD68C}"
EndProject
Project("{9A19103F-16F7-4668-BE54-9A1E7A4F7556}") = "Examination.API.IntergrationTests", "test\Examination\Examination.API.IntergrationTests\Examination.API.IntergrationTests.csproj", "{202DE5D0-75DD-4DB7-9F48-5913A5DDF4B0}"
EndProject
Project("{2150E333-8FDC-42A3-9474-1A3956D46DE8}") = "BuildingBlocks", "BuildingBlocks", "{0E29E8F3-3156-46E0-A041-000A3F5D2F60}"
EndProject
Project("{2150E333-8FDC-42A3-9474-1A3956D46DE8}") = "Identity", "Identity", "{B087DEA1-812B-4195-BC01-65A60C8AB8B8}"
EndProject
Project("{2150E333-8FDC-42A3-9474-1A3956D46DE8}") = "Webapps", "Webapps", "{631D5780-C31F-41D9-9AC2-1EFD095DFE13}"
EndProject
Project("{2150E333-8FDC-42A3-9474-1A3956D46DE8}") = "Solution Items", "Solution Items", "{E02B292C-D496-47C2-BAE4-99DDDF3A6E06}"
	ProjectSection(SolutionItems) = preProject
		docker-compose.yml = docker-compose.yml
		README.md = README.md
	EndProjectSection
EndProject
Project("{9A19103F-16F7-4668-BE54-9A1E7A4F7556}") = "Examination.Shared", "src\BuildingBlocks\Examination.Shared\Examination.Shared.csproj", "{707632A4-9F74-4F5D-A2DD-ACA475034909}"
EndProject
Project("{2150E333-8FDC-42A3-9474-1A3956D46DE8}") = "Services", "Services", "{C0297871-BEA3-4B2C-ACB0-A5C890636805}"
EndProject
Project("{9A19103F-16F7-4668-BE54-9A1E7A4F7556}") = "Examination.API", "src\Services\Examination\Examination.API\Examination.API.csproj", "{D4D0A5F2-4E26-491F-9741-02BFCCF857D7}"
EndProject
Project("{9A19103F-16F7-4668-BE54-9A1E7A4F7556}") = "Examination.Application", "src\Services\Examination\Examination.Application\Examination.Application.csproj", "{5FFE553F-B841-4C08-8208-ADE18D43AAC0}"
EndProject
Project("{9A19103F-16F7-4668-BE54-9A1E7A4F7556}") = "Examination.Domain", "src\Services\Examination\Examination.Domain\Examination.Domain.csproj", "{D6DB5C65-26FC-4A75-B2A4-E1D9087BEDE0}"
EndProject
Project("{9A19103F-16F7-4668-BE54-9A1E7A4F7556}") = "Examination.Infrastructure.MongoDb", "src\Services\Examination\Examination.Infrastructure.MongoDb\Examination.Infrastructure.MongoDb.csproj", "{071277DD-7A70-444B-947C-6B12E82B2060}"
EndProject
Project("{9A19103F-16F7-4668-BE54-9A1E7A4F7556}") = "Identity.Admin", "src\Services\Identity\Identity.Admin\Identity.Admin.csproj", "{713D70A8-FAC1-4867-874F-567CFF69B754}"
EndProject
Project("{9A19103F-16F7-4668-BE54-9A1E7A4F7556}") = "Identity.Admin.BusinessLogic", "src\Services\Identity\Identity.Admin.BusinessLogic\Identity.Admin.BusinessLogic.csproj", "{0ADA33D6-4424-4B59-85F1-6D298CC9D41F}"
EndProject
Project("{9A19103F-16F7-4668-BE54-9A1E7A4F7556}") = "Identity.Admin.BusinessLogic.Identity", "src\Services\Identity\Identity.Admin.BusinessLogic.Identity\Identity.Admin.BusinessLogic.Identity.csproj", "{1CE9970C-F1E8-4C4D-A5DB-C63A614C6303}"
EndProject
Project("{9A19103F-16F7-4668-BE54-9A1E7A4F7556}") = "Identity.Admin.BusinessLogic.Shared", "src\Services\Identity\Identity.Admin.BusinessLogic.Shared\Identity.Admin.BusinessLogic.Shared.csproj", "{4F3C2EC8-6DB6-449F-A1CA-4D480D2D6764}"
EndProject
Project("{9A19103F-16F7-4668-BE54-9A1E7A4F7556}") = "Identity.Admin.EntityFramework", "src\Services\Identity\Identity.Admin.EntityFramework\Identity.Admin.EntityFramework.csproj", "{56E2798C-1517-412C-B4FC-491E14A5933F}"
EndProject
Project("{9A19103F-16F7-4668-BE54-9A1E7A4F7556}") = "Identity.Admin.EntityFramework.Configuration", "src\Services\Identity\Identity.Admin.EntityFramework.Configuration\Identity.Admin.EntityFramework.Configuration.csproj", "{9924AB28-0FC1-48E0-814F-C08D7BDE5F90}"
EndProject
Project("{9A19103F-16F7-4668-BE54-9A1E7A4F7556}") = "Identity.Admin.EntityFramework.Extensions", "src\Services\Identity\Identity.Admin.EntityFramework.Extensions\Identity.Admin.EntityFramework.Extensions.csproj", "{B7DB1BF0-5F8A-47EA-BE17-10542139FC71}"
EndProject
Project("{9A19103F-16F7-4668-BE54-9A1E7A4F7556}") = "Identity.Admin.EntityFramework.Identity", "src\Services\Identity\Identity.Admin.EntityFramework.Identity\Identity.Admin.EntityFramework.Identity.csproj", "{95DFA981-DF1F-496F-B5D1-34DAED2E185E}"
EndProject
Project("{9A19103F-16F7-4668-BE54-9A1E7A4F7556}") = "Identity.Admin.EntityFramework.Shared", "src\Services\Identity\Identity.Admin.EntityFramework.Shared\Identity.Admin.EntityFramework.Shared.csproj", "{509D0510-8E34-46C5-9DD2-CF20B78D5397}"
EndProject
Project("{9A19103F-16F7-4668-BE54-9A1E7A4F7556}") = "Identity.Admin.EntityFramework.SqlServer", "src\Services\Identity\Identity.Admin.EntityFramework.SqlServer\Identity.Admin.EntityFramework.SqlServer.csproj", "{ED590F07-DE2F-4CA4-864D-F92B8218ABB6}"
EndProject
Project("{9A19103F-16F7-4668-BE54-9A1E7A4F7556}") = "Identity.Shared", "src\Services\Identity\Identity.Shared\Identity.Shared.csproj", "{B2C6B448-BBC9-4191-8761-1B5F8B0EE6A3}"
EndProject
Project("{9A19103F-16F7-4668-BE54-9A1E7A4F7556}") = "Identity.Shared.Configuration", "src\Services\Identity\Identity.Shared.Configuration\Identity.Shared.Configuration.csproj", "{09B12974-EBF3-443C-A2F8-A86E76BE8353}"
EndProject
Project("{9A19103F-16F7-4668-BE54-9A1E7A4F7556}") = "Identity.STS.Identity", "src\Services\Identity\Identity.STS.Identity\Identity.STS.Identity.csproj", "{A2F5E866-C83B-4AAF-A779-B8521CAD258B}"
EndProject
Project("{9A19103F-16F7-4668-BE54-9A1E7A4F7556}") = "AdminApp", "src\WebApps\AdminApp\AdminApp.csproj", "{4233756B-0B97-4C57-BC1C-1937538A0343}"
EndProject
Project("{9A19103F-16F7-4668-BE54-9A1E7A4F7556}") = "Identity.Admin.UI", "src\Services\Identity\Identity.Admin.UI\Identity.Admin.UI.csproj", "{AF81959D-7B0B-4740-BD97-CAC329A111FD}"
EndProject
Project("{9A19103F-16F7-4668-BE54-9A1E7A4F7556}") = "Identity.Admin.Api", "src\Services\Identity\Identity.Admin.Api\Identity.Admin.Api.csproj", "{14B5E0C6-6BA6-40EC-BDDD-795D2586C360}"
EndProject
Global
	GlobalSection(SolutionConfigurationPlatforms) = preSolution
		Debug|Any CPU = Debug|Any CPU
		Release|Any CPU = Release|Any CPU
	EndGlobalSection
	GlobalSection(ProjectConfigurationPlatforms) = postSolution
		{5E46B136-6C2B-4F9A-B012-5FA1C12B2194}.Debug|Any CPU.ActiveCfg = Debug|Any CPU
		{5E46B136-6C2B-4F9A-B012-5FA1C12B2194}.Debug|Any CPU.Build.0 = Debug|Any CPU
		{5E46B136-6C2B-4F9A-B012-5FA1C12B2194}.Release|Any CPU.ActiveCfg = Release|Any CPU
		{5E46B136-6C2B-4F9A-B012-5FA1C12B2194}.Release|Any CPU.Build.0 = Release|Any CPU
		{B5C74319-C976-4B24-A9B8-1504A01527A0}.Debug|Any CPU.ActiveCfg = Debug|Any CPU
		{B5C74319-C976-4B24-A9B8-1504A01527A0}.Debug|Any CPU.Build.0 = Debug|Any CPU
		{B5C74319-C976-4B24-A9B8-1504A01527A0}.Release|Any CPU.ActiveCfg = Release|Any CPU
		{B5C74319-C976-4B24-A9B8-1504A01527A0}.Release|Any CPU.Build.0 = Release|Any CPU
		{9F713DAC-C443-454F-8869-D6F2C15EDFAC}.Debug|Any CPU.ActiveCfg = Debug|Any CPU
		{9F713DAC-C443-454F-8869-D6F2C15EDFAC}.Debug|Any CPU.Build.0 = Debug|Any CPU
		{9F713DAC-C443-454F-8869-D6F2C15EDFAC}.Release|Any CPU.ActiveCfg = Release|Any CPU
		{9F713DAC-C443-454F-8869-D6F2C15EDFAC}.Release|Any CPU.Build.0 = Release|Any CPU
		{BB275201-ABB1-4066-8A8B-60AFE27FD68C}.Debug|Any CPU.ActiveCfg = Debug|Any CPU
		{BB275201-ABB1-4066-8A8B-60AFE27FD68C}.Debug|Any CPU.Build.0 = Debug|Any CPU
		{BB275201-ABB1-4066-8A8B-60AFE27FD68C}.Release|Any CPU.ActiveCfg = Release|Any CPU
		{BB275201-ABB1-4066-8A8B-60AFE27FD68C}.Release|Any CPU.Build.0 = Release|Any CPU
		{202DE5D0-75DD-4DB7-9F48-5913A5DDF4B0}.Debug|Any CPU.ActiveCfg = Debug|Any CPU
		{202DE5D0-75DD-4DB7-9F48-5913A5DDF4B0}.Debug|Any CPU.Build.0 = Debug|Any CPU
		{202DE5D0-75DD-4DB7-9F48-5913A5DDF4B0}.Release|Any CPU.ActiveCfg = Release|Any CPU
		{202DE5D0-75DD-4DB7-9F48-5913A5DDF4B0}.Release|Any CPU.Build.0 = Release|Any CPU
		{707632A4-9F74-4F5D-A2DD-ACA475034909}.Debug|Any CPU.ActiveCfg = Debug|Any CPU
		{707632A4-9F74-4F5D-A2DD-ACA475034909}.Debug|Any CPU.Build.0 = Debug|Any CPU
		{707632A4-9F74-4F5D-A2DD-ACA475034909}.Release|Any CPU.ActiveCfg = Release|Any CPU
		{707632A4-9F74-4F5D-A2DD-ACA475034909}.Release|Any CPU.Build.0 = Release|Any CPU
		{D4D0A5F2-4E26-491F-9741-02BFCCF857D7}.Debug|Any CPU.ActiveCfg = Debug|Any CPU
		{D4D0A5F2-4E26-491F-9741-02BFCCF857D7}.Debug|Any CPU.Build.0 = Debug|Any CPU
		{D4D0A5F2-4E26-491F-9741-02BFCCF857D7}.Release|Any CPU.ActiveCfg = Release|Any CPU
		{D4D0A5F2-4E26-491F-9741-02BFCCF857D7}.Release|Any CPU.Build.0 = Release|Any CPU
		{5FFE553F-B841-4C08-8208-ADE18D43AAC0}.Debug|Any CPU.ActiveCfg = Debug|Any CPU
		{5FFE553F-B841-4C08-8208-ADE18D43AAC0}.Debug|Any CPU.Build.0 = Debug|Any CPU
		{5FFE553F-B841-4C08-8208-ADE18D43AAC0}.Release|Any CPU.ActiveCfg = Release|Any CPU
		{5FFE553F-B841-4C08-8208-ADE18D43AAC0}.Release|Any CPU.Build.0 = Release|Any CPU
		{D6DB5C65-26FC-4A75-B2A4-E1D9087BEDE0}.Debug|Any CPU.ActiveCfg = Debug|Any CPU
		{D6DB5C65-26FC-4A75-B2A4-E1D9087BEDE0}.Debug|Any CPU.Build.0 = Debug|Any CPU
		{D6DB5C65-26FC-4A75-B2A4-E1D9087BEDE0}.Release|Any CPU.ActiveCfg = Release|Any CPU
		{D6DB5C65-26FC-4A75-B2A4-E1D9087BEDE0}.Release|Any CPU.Build.0 = Release|Any CPU
		{071277DD-7A70-444B-947C-6B12E82B2060}.Debug|Any CPU.ActiveCfg = Debug|Any CPU
		{071277DD-7A70-444B-947C-6B12E82B2060}.Debug|Any CPU.Build.0 = Debug|Any CPU
		{071277DD-7A70-444B-947C-6B12E82B2060}.Release|Any CPU.ActiveCfg = Release|Any CPU
		{071277DD-7A70-444B-947C-6B12E82B2060}.Release|Any CPU.Build.0 = Release|Any CPU
		{713D70A8-FAC1-4867-874F-567CFF69B754}.Debug|Any CPU.ActiveCfg = Debug|Any CPU
		{713D70A8-FAC1-4867-874F-567CFF69B754}.Debug|Any CPU.Build.0 = Debug|Any CPU
		{713D70A8-FAC1-4867-874F-567CFF69B754}.Release|Any CPU.ActiveCfg = Release|Any CPU
		{713D70A8-FAC1-4867-874F-567CFF69B754}.Release|Any CPU.Build.0 = Release|Any CPU
		{0ADA33D6-4424-4B59-85F1-6D298CC9D41F}.Debug|Any CPU.ActiveCfg = Debug|Any CPU
		{0ADA33D6-4424-4B59-85F1-6D298CC9D41F}.Debug|Any CPU.Build.0 = Debug|Any CPU
		{0ADA33D6-4424-4B59-85F1-6D298CC9D41F}.Release|Any CPU.ActiveCfg = Release|Any CPU
		{0ADA33D6-4424-4B59-85F1-6D298CC9D41F}.Release|Any CPU.Build.0 = Release|Any CPU
		{1CE9970C-F1E8-4C4D-A5DB-C63A614C6303}.Debug|Any CPU.ActiveCfg = Debug|Any CPU
		{1CE9970C-F1E8-4C4D-A5DB-C63A614C6303}.Debug|Any CPU.Build.0 = Debug|Any CPU
		{1CE9970C-F1E8-4C4D-A5DB-C63A614C6303}.Release|Any CPU.ActiveCfg = Release|Any CPU
		{1CE9970C-F1E8-4C4D-A5DB-C63A614C6303}.Release|Any CPU.Build.0 = Release|Any CPU
		{4F3C2EC8-6DB6-449F-A1CA-4D480D2D6764}.Debug|Any CPU.ActiveCfg = Debug|Any CPU
		{4F3C2EC8-6DB6-449F-A1CA-4D480D2D6764}.Debug|Any CPU.Build.0 = Debug|Any CPU
		{4F3C2EC8-6DB6-449F-A1CA-4D480D2D6764}.Release|Any CPU.ActiveCfg = Release|Any CPU
		{4F3C2EC8-6DB6-449F-A1CA-4D480D2D6764}.Release|Any CPU.Build.0 = Release|Any CPU
		{56E2798C-1517-412C-B4FC-491E14A5933F}.Debug|Any CPU.ActiveCfg = Debug|Any CPU
		{56E2798C-1517-412C-B4FC-491E14A5933F}.Debug|Any CPU.Build.0 = Debug|Any CPU
		{56E2798C-1517-412C-B4FC-491E14A5933F}.Release|Any CPU.ActiveCfg = Release|Any CPU
		{56E2798C-1517-412C-B4FC-491E14A5933F}.Release|Any CPU.Build.0 = Release|Any CPU
		{9924AB28-0FC1-48E0-814F-C08D7BDE5F90}.Debug|Any CPU.ActiveCfg = Debug|Any CPU
		{9924AB28-0FC1-48E0-814F-C08D7BDE5F90}.Debug|Any CPU.Build.0 = Debug|Any CPU
		{9924AB28-0FC1-48E0-814F-C08D7BDE5F90}.Release|Any CPU.ActiveCfg = Release|Any CPU
		{9924AB28-0FC1-48E0-814F-C08D7BDE5F90}.Release|Any CPU.Build.0 = Release|Any CPU
		{B7DB1BF0-5F8A-47EA-BE17-10542139FC71}.Debug|Any CPU.ActiveCfg = Debug|Any CPU
		{B7DB1BF0-5F8A-47EA-BE17-10542139FC71}.Debug|Any CPU.Build.0 = Debug|Any CPU
		{B7DB1BF0-5F8A-47EA-BE17-10542139FC71}.Release|Any CPU.ActiveCfg = Release|Any CPU
		{B7DB1BF0-5F8A-47EA-BE17-10542139FC71}.Release|Any CPU.Build.0 = Release|Any CPU
		{95DFA981-DF1F-496F-B5D1-34DAED2E185E}.Debug|Any CPU.ActiveCfg = Debug|Any CPU
		{95DFA981-DF1F-496F-B5D1-34DAED2E185E}.Debug|Any CPU.Build.0 = Debug|Any CPU
		{95DFA981-DF1F-496F-B5D1-34DAED2E185E}.Release|Any CPU.ActiveCfg = Release|Any CPU
		{95DFA981-DF1F-496F-B5D1-34DAED2E185E}.Release|Any CPU.Build.0 = Release|Any CPU
		{509D0510-8E34-46C5-9DD2-CF20B78D5397}.Debug|Any CPU.ActiveCfg = Debug|Any CPU
		{509D0510-8E34-46C5-9DD2-CF20B78D5397}.Debug|Any CPU.Build.0 = Debug|Any CPU
		{509D0510-8E34-46C5-9DD2-CF20B78D5397}.Release|Any CPU.ActiveCfg = Release|Any CPU
		{509D0510-8E34-46C5-9DD2-CF20B78D5397}.Release|Any CPU.Build.0 = Release|Any CPU
		{ED590F07-DE2F-4CA4-864D-F92B8218ABB6}.Debug|Any CPU.ActiveCfg = Debug|Any CPU
		{ED590F07-DE2F-4CA4-864D-F92B8218ABB6}.Debug|Any CPU.Build.0 = Debug|Any CPU
		{ED590F07-DE2F-4CA4-864D-F92B8218ABB6}.Release|Any CPU.ActiveCfg = Release|Any CPU
		{ED590F07-DE2F-4CA4-864D-F92B8218ABB6}.Release|Any CPU.Build.0 = Release|Any CPU
		{B2C6B448-BBC9-4191-8761-1B5F8B0EE6A3}.Debug|Any CPU.ActiveCfg = Debug|Any CPU
		{B2C6B448-BBC9-4191-8761-1B5F8B0EE6A3}.Debug|Any CPU.Build.0 = Debug|Any CPU
		{B2C6B448-BBC9-4191-8761-1B5F8B0EE6A3}.Release|Any CPU.ActiveCfg = Release|Any CPU
		{B2C6B448-BBC9-4191-8761-1B5F8B0EE6A3}.Release|Any CPU.Build.0 = Release|Any CPU
		{09B12974-EBF3-443C-A2F8-A86E76BE8353}.Debug|Any CPU.ActiveCfg = Debug|Any CPU
		{09B12974-EBF3-443C-A2F8-A86E76BE8353}.Debug|Any CPU.Build.0 = Debug|Any CPU
		{09B12974-EBF3-443C-A2F8-A86E76BE8353}.Release|Any CPU.ActiveCfg = Release|Any CPU
		{09B12974-EBF3-443C-A2F8-A86E76BE8353}.Release|Any CPU.Build.0 = Release|Any CPU
		{A2F5E866-C83B-4AAF-A779-B8521CAD258B}.Debug|Any CPU.ActiveCfg = Debug|Any CPU
		{A2F5E866-C83B-4AAF-A779-B8521CAD258B}.Debug|Any CPU.Build.0 = Debug|Any CPU
		{A2F5E866-C83B-4AAF-A779-B8521CAD258B}.Release|Any CPU.ActiveCfg = Release|Any CPU
		{A2F5E866-C83B-4AAF-A779-B8521CAD258B}.Release|Any CPU.Build.0 = Release|Any CPU
		{4233756B-0B97-4C57-BC1C-1937538A0343}.Debug|Any CPU.ActiveCfg = Debug|Any CPU
		{4233756B-0B97-4C57-BC1C-1937538A0343}.Debug|Any CPU.Build.0 = Debug|Any CPU
		{4233756B-0B97-4C57-BC1C-1937538A0343}.Release|Any CPU.ActiveCfg = Release|Any CPU
		{4233756B-0B97-4C57-BC1C-1937538A0343}.Release|Any CPU.Build.0 = Release|Any CPU
		{AF81959D-7B0B-4740-BD97-CAC329A111FD}.Debug|Any CPU.ActiveCfg = Debug|Any CPU
		{AF81959D-7B0B-4740-BD97-CAC329A111FD}.Debug|Any CPU.Build.0 = Debug|Any CPU
		{AF81959D-7B0B-4740-BD97-CAC329A111FD}.Release|Any CPU.ActiveCfg = Release|Any CPU
		{AF81959D-7B0B-4740-BD97-CAC329A111FD}.Release|Any CPU.Build.0 = Release|Any CPU
		{14B5E0C6-6BA6-40EC-BDDD-795D2586C360}.Debug|Any CPU.ActiveCfg = Debug|Any CPU
		{14B5E0C6-6BA6-40EC-BDDD-795D2586C360}.Debug|Any CPU.Build.0 = Debug|Any CPU
		{14B5E0C6-6BA6-40EC-BDDD-795D2586C360}.Release|Any CPU.ActiveCfg = Release|Any CPU
		{14B5E0C6-6BA6-40EC-BDDD-795D2586C360}.Release|Any CPU.Build.0 = Release|Any CPU
	EndGlobalSection
	GlobalSection(SolutionProperties) = preSolution
		HideSolutionNode = FALSE
	EndGlobalSection
	GlobalSection(NestedProjects) = preSolution
		{B437AE8D-9680-41FA-92E6-BBF6B67D01AA} = {C0297871-BEA3-4B2C-ACB0-A5C890636805}
		{5A625B40-8584-4AFE-B883-D77E42305AD4} = {F8762AB0-8FA0-44FE-95CB-7CFAB5B7D527}
		{5E46B136-6C2B-4F9A-B012-5FA1C12B2194} = {5A625B40-8584-4AFE-B883-D77E42305AD4}
		{23AD619C-116D-447B-87BD-A9EF0D39E3AA} = {F8762AB0-8FA0-44FE-95CB-7CFAB5B7D527}
		{B5C74319-C976-4B24-A9B8-1504A01527A0} = {23AD619C-116D-447B-87BD-A9EF0D39E3AA}
		{9F713DAC-C443-454F-8869-D6F2C15EDFAC} = {23AD619C-116D-447B-87BD-A9EF0D39E3AA}
		{BB275201-ABB1-4066-8A8B-60AFE27FD68C} = {23AD619C-116D-447B-87BD-A9EF0D39E3AA}
		{202DE5D0-75DD-4DB7-9F48-5913A5DDF4B0} = {23AD619C-116D-447B-87BD-A9EF0D39E3AA}
		{0E29E8F3-3156-46E0-A041-000A3F5D2F60} = {57F61BCD-B8C7-41EA-B691-FB9907E40FF4}
		{B087DEA1-812B-4195-BC01-65A60C8AB8B8} = {C0297871-BEA3-4B2C-ACB0-A5C890636805}
		{631D5780-C31F-41D9-9AC2-1EFD095DFE13} = {57F61BCD-B8C7-41EA-B691-FB9907E40FF4}
		{707632A4-9F74-4F5D-A2DD-ACA475034909} = {0E29E8F3-3156-46E0-A041-000A3F5D2F60}
		{C0297871-BEA3-4B2C-ACB0-A5C890636805} = {57F61BCD-B8C7-41EA-B691-FB9907E40FF4}
		{D4D0A5F2-4E26-491F-9741-02BFCCF857D7} = {B437AE8D-9680-41FA-92E6-BBF6B67D01AA}
		{5FFE553F-B841-4C08-8208-ADE18D43AAC0} = {B437AE8D-9680-41FA-92E6-BBF6B67D01AA}
		{D6DB5C65-26FC-4A75-B2A4-E1D9087BEDE0} = {B437AE8D-9680-41FA-92E6-BBF6B67D01AA}
		{071277DD-7A70-444B-947C-6B12E82B2060} = {B437AE8D-9680-41FA-92E6-BBF6B67D01AA}
		{713D70A8-FAC1-4867-874F-567CFF69B754} = {B087DEA1-812B-4195-BC01-65A60C8AB8B8}
		{0ADA33D6-4424-4B59-85F1-6D298CC9D41F} = {B087DEA1-812B-4195-BC01-65A60C8AB8B8}
		{1CE9970C-F1E8-4C4D-A5DB-C63A614C6303} = {B087DEA1-812B-4195-BC01-65A60C8AB8B8}
		{4F3C2EC8-6DB6-449F-A1CA-4D480D2D6764} = {B087DEA1-812B-4195-BC01-65A60C8AB8B8}
		{56E2798C-1517-412C-B4FC-491E14A5933F} = {B087DEA1-812B-4195-BC01-65A60C8AB8B8}
		{9924AB28-0FC1-48E0-814F-C08D7BDE5F90} = {B087DEA1-812B-4195-BC01-65A60C8AB8B8}
		{B7DB1BF0-5F8A-47EA-BE17-10542139FC71} = {B087DEA1-812B-4195-BC01-65A60C8AB8B8}
		{95DFA981-DF1F-496F-B5D1-34DAED2E185E} = {B087DEA1-812B-4195-BC01-65A60C8AB8B8}
		{509D0510-8E34-46C5-9DD2-CF20B78D5397} = {B087DEA1-812B-4195-BC01-65A60C8AB8B8}
		{ED590F07-DE2F-4CA4-864D-F92B8218ABB6} = {B087DEA1-812B-4195-BC01-65A60C8AB8B8}
		{B2C6B448-BBC9-4191-8761-1B5F8B0EE6A3} = {B087DEA1-812B-4195-BC01-65A60C8AB8B8}
		{09B12974-EBF3-443C-A2F8-A86E76BE8353} = {B087DEA1-812B-4195-BC01-65A60C8AB8B8}
		{A2F5E866-C83B-4AAF-A779-B8521CAD258B} = {B087DEA1-812B-4195-BC01-65A60C8AB8B8}
		{4233756B-0B97-4C57-BC1C-1937538A0343} = {631D5780-C31F-41D9-9AC2-1EFD095DFE13}
		{AF81959D-7B0B-4740-BD97-CAC329A111FD} = {B087DEA1-812B-4195-BC01-65A60C8AB8B8}
		{14B5E0C6-6BA6-40EC-BDDD-795D2586C360} = {B087DEA1-812B-4195-BC01-65A60C8AB8B8}
	EndGlobalSection
	GlobalSection(ExtensibilityGlobals) = postSolution
		SolutionGuid = {60F9B4D0-6876-454F-99B2-4FDECCB1D119}
	EndGlobalSection
EndGlobal
